
Microsoft Visual Studio Solution File, Format Version 12.00
# Visual Studio 15
VisualStudioVersion = 15.0.28307.1800
MinimumVisualStudioVersion = 10.0.40219.1
Project("{D2ABAB84-BF74-430A-B69E-9DC6D40DDA17}") = "SBA_7a_LoanProgram_SSAS", "SBA_7a_LoanProgram_SSAS\SBA_7a_LoanProgram_SSAS.dwproj", "{A74C871B-BB2B-4DAE-8123-00244C39EAD9}"
EndProject
Global
	GlobalSection(SolutionConfigurationPlatforms) = preSolution
		Development|Default = Development|Default
	EndGlobalSection
	GlobalSection(ProjectConfigurationPlatforms) = postSolution
		{A74C871B-BB2B-4DAE-8123-00244C39EAD9}.Development|Default.ActiveCfg = Development
		{A74C871B-BB2B-4DAE-8123-00244C39EAD9}.Development|Default.Build.0 = Development
		{A74C871B-BB2B-4DAE-8123-00244C39EAD9}.Development|Default.Deploy.0 = Development
	EndGlobalSection
	GlobalSection(SolutionProperties) = preSolution
		HideSolutionNode = FALSE
	EndGlobalSection
	GlobalSection(ExtensibilityGlobals) = postSolution
		SolutionGuid = {C0CBB9F1-941A-4112-8F77-75F247123298}
	EndGlobalSection
EndGlobal
